// !$*UTF8*$!
{
	archiveVersion = 1;
	classes = {
	};
	objectVersion = 46;
	objects = {

/* Begin PBXBuildFile section */
		110FCCA119ADF83C0087CBCB /* libsqlite3.dylib in Frameworks */ = {isa = PBXBuildFile; fileRef = 110FCCA019ADF83A0087CBCB /* libsqlite3.dylib */; };
		1120945A19B601EF0012D607 /* IMiPhoneTests.m in Sources */ = {isa = PBXBuildFile; fileRef = 585971FC1999F0C700258CB1 /* IMiPhoneTests.m */; };
		116B6E7B19AEF83500DB1B5E /* GroupMessage.m in Sources */ = {isa = PBXBuildFile; fileRef = 116B6E7619AEF83500DB1B5E /* GroupMessage.m */; };
		116B6E7D19AEF83500DB1B5E /* imRms.m in Sources */ = {isa = PBXBuildFile; fileRef = 116B6E7A19AEF83500DB1B5E /* imRms.m */; };
		116B6E8019AF0F8C00DB1B5E /* DatabaseConfig.m in Sources */ = {isa = PBXBuildFile; fileRef = 116B6E7F19AF0F8C00DB1B5E /* DatabaseConfig.m */; };
		116B6E8319AF1C7900DB1B5E /* BaseDAO.m in Sources */ = {isa = PBXBuildFile; fileRef = 116B6E8219AF1C7900DB1B5E /* BaseDAO.m */; };
		116B6E8619B0122100DB1B5E /* PersistenceTempCode.m in Sources */ = {isa = PBXBuildFile; fileRef = 116B6E8519B0122100DB1B5E /* PersistenceTempCode.m */; };
		116B6E8919B0534000DB1B5E /* Group.m in Sources */ = {isa = PBXBuildFile; fileRef = 116B6E8819B0534000DB1B5E /* Group.m */; };
		116B6E8C19B0538300DB1B5E /* GroupDAO.m in Sources */ = {isa = PBXBuildFile; fileRef = 116B6E8B19B0538300DB1B5E /* GroupDAO.m */; };
		116B6E9519B058A400DB1B5E /* SqlightAdapter.m in Sources */ = {isa = PBXBuildFile; fileRef = 116B6E8F19B058A400DB1B5E /* SqlightAdapter.m */; };
		116B6E9619B058A400DB1B5E /* SqlightDriver.m in Sources */ = {isa = PBXBuildFile; fileRef = 116B6E9119B058A400DB1B5E /* SqlightDriver.m */; };
		116B6E9719B058A400DB1B5E /* SqlightResult.m in Sources */ = {isa = PBXBuildFile; fileRef = 116B6E9319B058A400DB1B5E /* SqlightResult.m */; };
		11DF9F8319A2276C00AE5D89 /* splash.jpg in Resources */ = {isa = PBXBuildFile; fileRef = 11DF9F8519A2276C00AE5D89 /* splash.jpg */; };
		585971D21999F0C700258CB1 /* Foundation.framework in Frameworks */ = {isa = PBXBuildFile; fileRef = 585971D11999F0C700258CB1 /* Foundation.framework */; };
		585971D41999F0C700258CB1 /* CoreGraphics.framework in Frameworks */ = {isa = PBXBuildFile; fileRef = 585971D31999F0C700258CB1 /* CoreGraphics.framework */; };
		585971D61999F0C700258CB1 /* UIKit.framework in Frameworks */ = {isa = PBXBuildFile; fileRef = 585971D51999F0C700258CB1 /* UIKit.framework */; };
		585971DC1999F0C700258CB1 /* InfoPlist.strings in Resources */ = {isa = PBXBuildFile; fileRef = 585971DA1999F0C700258CB1 /* InfoPlist.strings */; };
		585971DE1999F0C700258CB1 /* main.m in Sources */ = {isa = PBXBuildFile; fileRef = 585971DD1999F0C700258CB1 /* main.m */; };
		585971E21999F0C700258CB1 /* imAppDelegate.m in Sources */ = {isa = PBXBuildFile; fileRef = 585971E11999F0C700258CB1 /* imAppDelegate.m */; };
		585971E51999F0C700258CB1 /* Main.storyboard in Resources */ = {isa = PBXBuildFile; fileRef = 585971E31999F0C700258CB1 /* Main.storyboard */; };
		585971E81999F0C700258CB1 /* imViewController.m in Sources */ = {isa = PBXBuildFile; fileRef = 585971E71999F0C700258CB1 /* imViewController.m */; };
		585971EA1999F0C700258CB1 /* Images.xcassets in Resources */ = {isa = PBXBuildFile; fileRef = 585971E91999F0C700258CB1 /* Images.xcassets */; };
		585971F11999F0C700258CB1 /* XCTest.framework in Frameworks */ = {isa = PBXBuildFile; fileRef = 585971F01999F0C700258CB1 /* XCTest.framework */; };
		585971F21999F0C700258CB1 /* Foundation.framework in Frameworks */ = {isa = PBXBuildFile; fileRef = 585971D11999F0C700258CB1 /* Foundation.framework */; };
		585971F31999F0C700258CB1 /* UIKit.framework in Frameworks */ = {isa = PBXBuildFile; fileRef = 585971D51999F0C700258CB1 /* UIKit.framework */; };
		5859721519A1DE1000258CB1 /* RegisterViewController.m in Sources */ = {isa = PBXBuildFile; fileRef = 5859721419A1DE1000258CB1 /* RegisterViewController.m */; };
		5859721819A1DEE500258CB1 /* LoginViewController.m in Sources */ = {isa = PBXBuildFile; fileRef = 5859721719A1DEE500258CB1 /* LoginViewController.m */; };
		58A5B4F819ADC05F0007C2F3 /* MainTabBarController.m in Sources */ = {isa = PBXBuildFile; fileRef = 58A5B4F719ADC05F0007C2F3 /* MainTabBarController.m */; };
		58A5B4FC19ADC3CA0007C2F3 /* ChatTableViewController.m in Sources */ = {isa = PBXBuildFile; fileRef = 58A5B4FB19ADC3CA0007C2F3 /* ChatTableViewController.m */; };
		58AF047319AF040C0077DCBC /* FriendBarCell.m in Sources */ = {isa = PBXBuildFile; fileRef = 58AF047219AF040C0077DCBC /* FriendBarCell.m */; };
		58AF048719AF10560077DCBC /* Localizable.strings in Resources */ = {isa = PBXBuildFile; fileRef = 58AF048A19AF10560077DCBC /* Localizable.strings */; };
		58B496D819A7186A0082AE30 /* NSAlert+MKNetworkKitAdditions.m in Sources */ = {isa = PBXBuildFile; fileRef = 58B496C319A7186A0082AE30 /* NSAlert+MKNetworkKitAdditions.m */; };
		58B496DA19A7186A0082AE30 /* NSData+MKBase64.m in Sources */ = {isa = PBXBuildFile; fileRef = 58B496C519A7186A0082AE30 /* NSData+MKBase64.m */; };
		58B496DC19A7186A0082AE30 /* NSDate+RFC1123.m in Sources */ = {isa = PBXBuildFile; fileRef = 58B496C719A7186A0082AE30 /* NSDate+RFC1123.m */; };
		58B496DE19A7186A0082AE30 /* NSDictionary+RequestEncoding.m in Sources */ = {isa = PBXBuildFile; fileRef = 58B496C919A7186A0082AE30 /* NSDictionary+RequestEncoding.m */; };
		58B496E019A7186A0082AE30 /* NSString+MKNetworkKitAdditions.m in Sources */ = {isa = PBXBuildFile; fileRef = 58B496CB19A7186A0082AE30 /* NSString+MKNetworkKitAdditions.m */; };
		58B496E219A7186A0082AE30 /* UIAlertView+MKNetworkKitAdditions.m in Sources */ = {isa = PBXBuildFile; fileRef = 58B496CD19A7186A0082AE30 /* UIAlertView+MKNetworkKitAdditions.m */; };
		58B496E419A7186A0082AE30 /* UIImageView+MKNetworkKitAdditions.m in Sources */ = {isa = PBXBuildFile; fileRef = 58B496CF19A7186A0082AE30 /* UIImageView+MKNetworkKitAdditions.m */; };
		58B496E619A7186A0082AE30 /* MKNetworkEngine.m in Sources */ = {isa = PBXBuildFile; fileRef = 58B496D119A7186A0082AE30 /* MKNetworkEngine.m */; };
		58B496E819A7186A0082AE30 /* MKNetworkOperation.m in Sources */ = {isa = PBXBuildFile; fileRef = 58B496D419A7186A0082AE30 /* MKNetworkOperation.m */; };
		58B496EA19A7186A0082AE30 /* Reachability.m in Sources */ = {isa = PBXBuildFile; fileRef = 58B496D719A7186A0082AE30 /* Reachability.m */; };
		58B496ED19A7190B0082AE30 /* CFNetwork.framework in Frameworks */ = {isa = PBXBuildFile; fileRef = 58B496EC19A7190B0082AE30 /* CFNetwork.framework */; };
		58B496EF19A719230082AE30 /* SystemConfiguration.framework in Frameworks */ = {isa = PBXBuildFile; fileRef = 58B496EE19A719230082AE30 /* SystemConfiguration.framework */; };
		58B496F119A719350082AE30 /* Security.framework in Frameworks */ = {isa = PBXBuildFile; fileRef = 58B496F019A719350082AE30 /* Security.framework */; };
		58B496F419A71AFB0082AE30 /* imNWHttpConnect.m in Sources */ = {isa = PBXBuildFile; fileRef = 58B496F319A71AFB0082AE30 /* imNWHttpConnect.m */; };
		58BACF0319B57E6C00A72391 /* ProfileViewController.m in Sources */ = {isa = PBXBuildFile; fileRef = 58BACF0219B57E6C00A72391 /* ProfileViewController.m */; };
		58BACF0419B5802B00A72391 /* FriendViewController.m in Sources */ = {isa = PBXBuildFile; fileRef = 58A5B50319ADF6770007C2F3 /* FriendViewController.m */; };
		58BACF0519B5803300A72391 /* FriendGroupCell.m in Sources */ = {isa = PBXBuildFile; fileRef = 58AF047A19AF046E0077DCBC /* FriendGroupCell.m */; };
		58BACF0619B5803900A72391 /* FriendTitleCell.m in Sources */ = {isa = PBXBuildFile; fileRef = 58AF047619AF04570077DCBC /* FriendTitleCell.m */; };
		58BACF0719B5803F00A72391 /* FriendDataProxy.m in Sources */ = {isa = PBXBuildFile; fileRef = 58AF049719B056050077DCBC /* FriendDataProxy.m */; };
		58BACF0819B5804700A72391 /* FriendMessageProxy.m in Sources */ = {isa = PBXBuildFile; fileRef = 58AF049119AF37C70077DCBC /* FriendMessageProxy.m */; };
		58BACF0919B5805800A72391 /* crypt.c in Sources */ = {isa = PBXBuildFile; fileRef = 58BACEFD19B4410C00A72391 /* crypt.c */; };
		58BACF0B19B5C12800A72391 /* MobileCoreServices.framework in Frameworks */ = {isa = PBXBuildFile; fileRef = 58BACF0A19B5C12800A72391 /* MobileCoreServices.framework */; };
		58BACF0F19B5DAB900A72391 /* imPhotoPicker.m in Sources */ = {isa = PBXBuildFile; fileRef = 58BACF0E19B5DAB900A72391 /* imPhotoPicker.m */; };
		58BACF1019B5DAB900A72391 /* imPhotoPicker.m in Sources */ = {isa = PBXBuildFile; fileRef = 58BACF0E19B5DAB900A72391 /* imPhotoPicker.m */; };
		58BACF1319B5E89D00A72391 /* VPImageCropperViewController.m in Sources */ = {isa = PBXBuildFile; fileRef = 58BACF1219B5E89D00A72391 /* VPImageCropperViewController.m */; };
		58BACF1419B5E89D00A72391 /* VPImageCropperViewController.m in Sources */ = {isa = PBXBuildFile; fileRef = 58BACF1219B5E89D00A72391 /* VPImageCropperViewController.m */; };
		58D95F4819A5BDF4007139AB /* GCDAsyncSocket.m in Sources */ = {isa = PBXBuildFile; fileRef = 58D95F4719A5BDF4007139AB /* GCDAsyncSocket.m */; };
		58D95F4C19A5E2E7007139AB /* imNWMessage.m in Sources */ = {isa = PBXBuildFile; fileRef = 58D95F4B19A5E2E7007139AB /* imNWMessage.m */; };
		58D95F5119A5ECA4007139AB /* UserMessageProxy.m in Sources */ = {isa = PBXBuildFile; fileRef = 58D95F5019A5ECA4007139AB /* UserMessageProxy.m */; };
		58F2AA3419A2F85400DC2FFB /* imUtil.m in Sources */ = {isa = PBXBuildFile; fileRef = 58F2AA3319A2F85400DC2FFB /* imUtil.m */; };
		58F2AA3919A487E300DC2FFB /* AsyncSocket.m in Sources */ = {isa = PBXBuildFile; fileRef = 58F2AA3819A487E300DC2FFB /* AsyncSocket.m */; };
		58F2AA3E19A48D2300DC2FFB /* imNWManager.m in Sources */ = {isa = PBXBuildFile; fileRef = 58F2AA3D19A48D2300DC2FFB /* imNWManager.m */; };
		58F2AA4219A497BA00DC2FFB /* imNWSocketConnect.m in Sources */ = {isa = PBXBuildFile; fileRef = 58F2AA4119A497BA00DC2FFB /* imNWSocketConnect.m */; };
/* End PBXBuildFile section */

/* Begin PBXFileReference section */
		110FCCA019ADF83A0087CBCB /* libsqlite3.dylib */ = {isa = PBXFileReference; lastKnownFileType = "compiled.mach-o.dylib"; name = libsqlite3.dylib; path = usr/lib/libsqlite3.dylib; sourceTree = SDKROOT; };
		11383AE419B5E51200CDCA33 /* zh-Hans */ = {isa = PBXFileReference; lastKnownFileType = text.plist.xml; name = "zh-Hans"; path = "zh-Hans.lproj/IMiPhoneTests-Info.plist"; sourceTree = "<group>"; };
		116B6E7519AEF83500DB1B5E /* GroupMessage.h */ = {isa = PBXFileReference; fileEncoding = 4; lastKnownFileType = sourcecode.c.h; path = GroupMessage.h; sourceTree = "<group>"; };
		116B6E7619AEF83500DB1B5E /* GroupMessage.m */ = {isa = PBXFileReference; fileEncoding = 4; lastKnownFileType = sourcecode.c.objc; path = GroupMessage.m; sourceTree = "<group>"; };
		116B6E7919AEF83500DB1B5E /* imRms.h */ = {isa = PBXFileReference; fileEncoding = 4; lastKnownFileType = sourcecode.c.h; path = imRms.h; sourceTree = "<group>"; };
		116B6E7A19AEF83500DB1B5E /* imRms.m */ = {isa = PBXFileReference; fileEncoding = 4; lastKnownFileType = sourcecode.c.objc; path = imRms.m; sourceTree = "<group>"; };
		116B6E7E19AF0F8C00DB1B5E /* DatabaseConfig.h */ = {isa = PBXFileReference; fileEncoding = 4; lastKnownFileType = sourcecode.c.h; path = DatabaseConfig.h; sourceTree = "<group>"; };
		116B6E7F19AF0F8C00DB1B5E /* DatabaseConfig.m */ = {isa = PBXFileReference; fileEncoding = 4; lastKnownFileType = sourcecode.c.objc; path = DatabaseConfig.m; sourceTree = "<group>"; };
		116B6E8119AF1C7900DB1B5E /* BaseDAO.h */ = {isa = PBXFileReference; fileEncoding = 4; lastKnownFileType = sourcecode.c.h; path = BaseDAO.h; sourceTree = "<group>"; };
		116B6E8219AF1C7900DB1B5E /* BaseDAO.m */ = {isa = PBXFileReference; fileEncoding = 4; lastKnownFileType = sourcecode.c.objc; path = BaseDAO.m; sourceTree = "<group>"; };
		116B6E8419B0122100DB1B5E /* PersistenceTempCode.h */ = {isa = PBXFileReference; fileEncoding = 4; lastKnownFileType = sourcecode.c.h; path = PersistenceTempCode.h; sourceTree = "<group>"; };
		116B6E8519B0122100DB1B5E /* PersistenceTempCode.m */ = {isa = PBXFileReference; fileEncoding = 4; lastKnownFileType = sourcecode.c.objc; path = PersistenceTempCode.m; sourceTree = "<group>"; };
		116B6E8719B0534000DB1B5E /* Group.h */ = {isa = PBXFileReference; fileEncoding = 4; lastKnownFileType = sourcecode.c.h; path = Group.h; sourceTree = "<group>"; };
		116B6E8819B0534000DB1B5E /* Group.m */ = {isa = PBXFileReference; fileEncoding = 4; lastKnownFileType = sourcecode.c.objc; path = Group.m; sourceTree = "<group>"; };
		116B6E8A19B0538300DB1B5E /* GroupDAO.h */ = {isa = PBXFileReference; fileEncoding = 4; lastKnownFileType = sourcecode.c.h; path = GroupDAO.h; sourceTree = "<group>"; };
		116B6E8B19B0538300DB1B5E /* GroupDAO.m */ = {isa = PBXFileReference; fileEncoding = 4; lastKnownFileType = sourcecode.c.objc; path = GroupDAO.m; sourceTree = "<group>"; };
		116B6E8E19B058A400DB1B5E /* SqlightAdapter.h */ = {isa = PBXFileReference; fileEncoding = 4; lastKnownFileType = sourcecode.c.h; path = SqlightAdapter.h; sourceTree = "<group>"; };
		116B6E8F19B058A400DB1B5E /* SqlightAdapter.m */ = {isa = PBXFileReference; fileEncoding = 4; lastKnownFileType = sourcecode.c.objc; path = SqlightAdapter.m; sourceTree = "<group>"; };
		116B6E9019B058A400DB1B5E /* SqlightDriver.h */ = {isa = PBXFileReference; fileEncoding = 4; lastKnownFileType = sourcecode.c.h; path = SqlightDriver.h; sourceTree = "<group>"; };
		116B6E9119B058A400DB1B5E /* SqlightDriver.m */ = {isa = PBXFileReference; fileEncoding = 4; lastKnownFileType = sourcecode.c.objc; path = SqlightDriver.m; sourceTree = "<group>"; };
		116B6E9219B058A400DB1B5E /* SqlightResult.h */ = {isa = PBXFileReference; fileEncoding = 4; lastKnownFileType = sourcecode.c.h; path = SqlightResult.h; sourceTree = "<group>"; };
		116B6E9319B058A400DB1B5E /* SqlightResult.m */ = {isa = PBXFileReference; fileEncoding = 4; lastKnownFileType = sourcecode.c.objc; path = SqlightResult.m; sourceTree = "<group>"; };
		116B6E9419B058A400DB1B5E /* Sqlite.h */ = {isa = PBXFileReference; fileEncoding = 4; lastKnownFileType = sourcecode.c.h; path = Sqlite.h; sourceTree = "<group>"; };
		11DF9F8419A2276C00AE5D89 /* zh-Hans */ = {isa = PBXFileReference; lastKnownFileType = image.jpeg; name = "zh-Hans"; path = "zh-Hans.lproj/splash.jpg"; sourceTree = "<group>"; };
		585971CE1999F0C700258CB1 /* IMiPhone.app */ = {isa = PBXFileReference; explicitFileType = wrapper.application; includeInIndex = 0; path = IMiPhone.app; sourceTree = BUILT_PRODUCTS_DIR; };
		585971D11999F0C700258CB1 /* Foundation.framework */ = {isa = PBXFileReference; lastKnownFileType = wrapper.framework; name = Foundation.framework; path = System/Library/Frameworks/Foundation.framework; sourceTree = SDKROOT; };
		585971D31999F0C700258CB1 /* CoreGraphics.framework */ = {isa = PBXFileReference; lastKnownFileType = wrapper.framework; name = CoreGraphics.framework; path = System/Library/Frameworks/CoreGraphics.framework; sourceTree = SDKROOT; };
		585971D51999F0C700258CB1 /* UIKit.framework */ = {isa = PBXFileReference; lastKnownFileType = wrapper.framework; name = UIKit.framework; path = System/Library/Frameworks/UIKit.framework; sourceTree = SDKROOT; };
		585971D91999F0C700258CB1 /* IMiPhone-Info.plist */ = {isa = PBXFileReference; lastKnownFileType = text.plist.xml; path = "IMiPhone-Info.plist"; sourceTree = "<group>"; };
		585971DD1999F0C700258CB1 /* main.m */ = {isa = PBXFileReference; lastKnownFileType = sourcecode.c.objc; path = main.m; sourceTree = "<group>"; };
		585971DF1999F0C700258CB1 /* IMiPhone-Prefix.pch */ = {isa = PBXFileReference; lastKnownFileType = sourcecode.c.h; path = "IMiPhone-Prefix.pch"; sourceTree = "<group>"; };
		585971E01999F0C700258CB1 /* imAppDelegate.h */ = {isa = PBXFileReference; lastKnownFileType = sourcecode.c.h; path = imAppDelegate.h; sourceTree = "<group>"; };
		585971E11999F0C700258CB1 /* imAppDelegate.m */ = {isa = PBXFileReference; lastKnownFileType = sourcecode.c.objc; path = imAppDelegate.m; sourceTree = "<group>"; };
		585971E61999F0C700258CB1 /* imViewController.h */ = {isa = PBXFileReference; lastKnownFileType = sourcecode.c.h; path = imViewController.h; sourceTree = "<group>"; };
		585971E71999F0C700258CB1 /* imViewController.m */ = {isa = PBXFileReference; lastKnownFileType = sourcecode.c.objc; path = imViewController.m; sourceTree = "<group>"; };
		585971E91999F0C700258CB1 /* Images.xcassets */ = {isa = PBXFileReference; lastKnownFileType = folder.assetcatalog; path = Images.xcassets; sourceTree = "<group>"; };
		585971EF1999F0C700258CB1 /* IMiPhoneTests.xctest */ = {isa = PBXFileReference; explicitFileType = wrapper.cfbundle; includeInIndex = 0; path = IMiPhoneTests.xctest; sourceTree = BUILT_PRODUCTS_DIR; };
		585971F01999F0C700258CB1 /* XCTest.framework */ = {isa = PBXFileReference; lastKnownFileType = wrapper.framework; name = XCTest.framework; path = Library/Frameworks/XCTest.framework; sourceTree = DEVELOPER_DIR; };
		585971FC1999F0C700258CB1 /* IMiPhoneTests.m */ = {isa = PBXFileReference; lastKnownFileType = sourcecode.c.objc; path = IMiPhoneTests.m; sourceTree = "<group>"; };
		5859720A19A1CD9100258CB1 /* zh-Hans */ = {isa = PBXFileReference; lastKnownFileType = text.plist.strings; name = "zh-Hans"; path = "zh-Hans.lproj/InfoPlist.strings"; sourceTree = "<group>"; };
		5859720B19A1CD9200258CB1 /* zh-Hans */ = {isa = PBXFileReference; lastKnownFileType = text.plist.strings; name = "zh-Hans"; path = "zh-Hans.lproj/InfoPlist.strings"; sourceTree = "<group>"; };
		5859721119A1D28100258CB1 /* zh-Hans */ = {isa = PBXFileReference; lastKnownFileType = file.storyboard; name = "zh-Hans"; path = "zh-Hans.lproj/Main.storyboard"; sourceTree = "<group>"; };
		5859721319A1DE1000258CB1 /* RegisterViewController.h */ = {isa = PBXFileReference; fileEncoding = 4; lastKnownFileType = sourcecode.c.h; path = RegisterViewController.h; sourceTree = "<group>"; };
		5859721419A1DE1000258CB1 /* RegisterViewController.m */ = {isa = PBXFileReference; fileEncoding = 4; lastKnownFileType = sourcecode.c.objc; path = RegisterViewController.m; sourceTree = "<group>"; };
		5859721619A1DEE500258CB1 /* LoginViewController.h */ = {isa = PBXFileReference; fileEncoding = 4; lastKnownFileType = sourcecode.c.h; path = LoginViewController.h; sourceTree = "<group>"; };
		5859721719A1DEE500258CB1 /* LoginViewController.m */ = {isa = PBXFileReference; fileEncoding = 4; lastKnownFileType = sourcecode.c.objc; path = LoginViewController.m; sourceTree = "<group>"; };
		58A5B4F619ADC05F0007C2F3 /* MainTabBarController.h */ = {isa = PBXFileReference; fileEncoding = 4; lastKnownFileType = sourcecode.c.h; path = MainTabBarController.h; sourceTree = "<group>"; };
		58A5B4F719ADC05F0007C2F3 /* MainTabBarController.m */ = {isa = PBXFileReference; fileEncoding = 4; lastKnownFileType = sourcecode.c.objc; path = MainTabBarController.m; sourceTree = "<group>"; };
		58A5B4FA19ADC3CA0007C2F3 /* ChatTableViewController.h */ = {isa = PBXFileReference; fileEncoding = 4; lastKnownFileType = sourcecode.c.h; path = ChatTableViewController.h; sourceTree = "<group>"; };
		58A5B4FB19ADC3CA0007C2F3 /* ChatTableViewController.m */ = {isa = PBXFileReference; fileEncoding = 4; lastKnownFileType = sourcecode.c.objc; path = ChatTableViewController.m; sourceTree = "<group>"; };
		58A5B50219ADF6770007C2F3 /* FriendViewController.h */ = {isa = PBXFileReference; fileEncoding = 4; lastKnownFileType = sourcecode.c.h; path = FriendViewController.h; sourceTree = "<group>"; };
		58A5B50319ADF6770007C2F3 /* FriendViewController.m */ = {isa = PBXFileReference; fileEncoding = 4; lastKnownFileType = sourcecode.c.objc; path = FriendViewController.m; sourceTree = "<group>"; };
		58AF047119AF040C0077DCBC /* FriendBarCell.h */ = {isa = PBXFileReference; fileEncoding = 4; lastKnownFileType = sourcecode.c.h; path = FriendBarCell.h; sourceTree = "<group>"; };
		58AF047219AF040C0077DCBC /* FriendBarCell.m */ = {isa = PBXFileReference; fileEncoding = 4; lastKnownFileType = sourcecode.c.objc; path = FriendBarCell.m; sourceTree = "<group>"; };
		58AF047519AF04570077DCBC /* FriendTitleCell.h */ = {isa = PBXFileReference; fileEncoding = 4; lastKnownFileType = sourcecode.c.h; path = FriendTitleCell.h; sourceTree = "<group>"; };
		58AF047619AF04570077DCBC /* FriendTitleCell.m */ = {isa = PBXFileReference; fileEncoding = 4; lastKnownFileType = sourcecode.c.objc; path = FriendTitleCell.m; sourceTree = "<group>"; };
		58AF047919AF046E0077DCBC /* FriendGroupCell.h */ = {isa = PBXFileReference; fileEncoding = 4; lastKnownFileType = sourcecode.c.h; path = FriendGroupCell.h; sourceTree = "<group>"; };
		58AF047A19AF046E0077DCBC /* FriendGroupCell.m */ = {isa = PBXFileReference; fileEncoding = 4; lastKnownFileType = sourcecode.c.objc; path = FriendGroupCell.m; sourceTree = "<group>"; };
		58AF048919AF10560077DCBC /* zh-Hans */ = {isa = PBXFileReference; lastKnownFileType = text.plist.strings; name = "zh-Hans"; path = "zh-Hans.lproj/Localizable.strings"; sourceTree = "<group>"; };
		58AF049019AF37C70077DCBC /* FriendMessageProxy.h */ = {isa = PBXFileReference; fileEncoding = 4; lastKnownFileType = sourcecode.c.h; path = FriendMessageProxy.h; sourceTree = "<group>"; };
		58AF049119AF37C70077DCBC /* FriendMessageProxy.m */ = {isa = PBXFileReference; fileEncoding = 4; lastKnownFileType = sourcecode.c.objc; path = FriendMessageProxy.m; sourceTree = "<group>"; };
		58AF049619B056050077DCBC /* FriendDataProxy.h */ = {isa = PBXFileReference; fileEncoding = 4; lastKnownFileType = sourcecode.c.h; path = FriendDataProxy.h; sourceTree = "<group>"; };
		58AF049719B056050077DCBC /* FriendDataProxy.m */ = {isa = PBXFileReference; fileEncoding = 4; lastKnownFileType = sourcecode.c.objc; path = FriendDataProxy.m; sourceTree = "<group>"; };
		58B496C219A7186A0082AE30 /* NSAlert+MKNetworkKitAdditions.h */ = {isa = PBXFileReference; fileEncoding = 4; lastKnownFileType = sourcecode.c.h; path = "NSAlert+MKNetworkKitAdditions.h"; sourceTree = "<group>"; };
		58B496C319A7186A0082AE30 /* NSAlert+MKNetworkKitAdditions.m */ = {isa = PBXFileReference; fileEncoding = 4; lastKnownFileType = sourcecode.c.objc; path = "NSAlert+MKNetworkKitAdditions.m"; sourceTree = "<group>"; };
		58B496C419A7186A0082AE30 /* NSData+MKBase64.h */ = {isa = PBXFileReference; fileEncoding = 4; lastKnownFileType = sourcecode.c.h; path = "NSData+MKBase64.h"; sourceTree = "<group>"; };
		58B496C519A7186A0082AE30 /* NSData+MKBase64.m */ = {isa = PBXFileReference; fileEncoding = 4; lastKnownFileType = sourcecode.c.objc; path = "NSData+MKBase64.m"; sourceTree = "<group>"; };
		58B496C619A7186A0082AE30 /* NSDate+RFC1123.h */ = {isa = PBXFileReference; fileEncoding = 4; lastKnownFileType = sourcecode.c.h; path = "NSDate+RFC1123.h"; sourceTree = "<group>"; };
		58B496C719A7186A0082AE30 /* NSDate+RFC1123.m */ = {isa = PBXFileReference; fileEncoding = 4; lastKnownFileType = sourcecode.c.objc; path = "NSDate+RFC1123.m"; sourceTree = "<group>"; };
		58B496C819A7186A0082AE30 /* NSDictionary+RequestEncoding.h */ = {isa = PBXFileReference; fileEncoding = 4; lastKnownFileType = sourcecode.c.h; path = "NSDictionary+RequestEncoding.h"; sourceTree = "<group>"; };
		58B496C919A7186A0082AE30 /* NSDictionary+RequestEncoding.m */ = {isa = PBXFileReference; fileEncoding = 4; lastKnownFileType = sourcecode.c.objc; path = "NSDictionary+RequestEncoding.m"; sourceTree = "<group>"; };
		58B496CA19A7186A0082AE30 /* NSString+MKNetworkKitAdditions.h */ = {isa = PBXFileReference; fileEncoding = 4; lastKnownFileType = sourcecode.c.h; path = "NSString+MKNetworkKitAdditions.h"; sourceTree = "<group>"; };
		58B496CB19A7186A0082AE30 /* NSString+MKNetworkKitAdditions.m */ = {isa = PBXFileReference; fileEncoding = 4; lastKnownFileType = sourcecode.c.objc; path = "NSString+MKNetworkKitAdditions.m"; sourceTree = "<group>"; };
		58B496CC19A7186A0082AE30 /* UIAlertView+MKNetworkKitAdditions.h */ = {isa = PBXFileReference; fileEncoding = 4; lastKnownFileType = sourcecode.c.h; path = "UIAlertView+MKNetworkKitAdditions.h"; sourceTree = "<group>"; };
		58B496CD19A7186A0082AE30 /* UIAlertView+MKNetworkKitAdditions.m */ = {isa = PBXFileReference; fileEncoding = 4; lastKnownFileType = sourcecode.c.objc; path = "UIAlertView+MKNetworkKitAdditions.m"; sourceTree = "<group>"; };
		58B496CE19A7186A0082AE30 /* UIImageView+MKNetworkKitAdditions.h */ = {isa = PBXFileReference; fileEncoding = 4; lastKnownFileType = sourcecode.c.h; path = "UIImageView+MKNetworkKitAdditions.h"; sourceTree = "<group>"; };
		58B496CF19A7186A0082AE30 /* UIImageView+MKNetworkKitAdditions.m */ = {isa = PBXFileReference; fileEncoding = 4; lastKnownFileType = sourcecode.c.objc; path = "UIImageView+MKNetworkKitAdditions.m"; sourceTree = "<group>"; };
		58B496D019A7186A0082AE30 /* MKNetworkEngine.h */ = {isa = PBXFileReference; fileEncoding = 4; lastKnownFileType = sourcecode.c.h; path = MKNetworkEngine.h; sourceTree = "<group>"; };
		58B496D119A7186A0082AE30 /* MKNetworkEngine.m */ = {isa = PBXFileReference; fileEncoding = 4; lastKnownFileType = sourcecode.c.objc; path = MKNetworkEngine.m; sourceTree = "<group>"; };
		58B496D219A7186A0082AE30 /* MKNetworkKit.h */ = {isa = PBXFileReference; fileEncoding = 4; lastKnownFileType = sourcecode.c.h; path = MKNetworkKit.h; sourceTree = "<group>"; };
		58B496D319A7186A0082AE30 /* MKNetworkOperation.h */ = {isa = PBXFileReference; fileEncoding = 4; lastKnownFileType = sourcecode.c.h; path = MKNetworkOperation.h; sourceTree = "<group>"; };
		58B496D419A7186A0082AE30 /* MKNetworkOperation.m */ = {isa = PBXFileReference; fileEncoding = 4; lastKnownFileType = sourcecode.c.objc; path = MKNetworkOperation.m; sourceTree = "<group>"; };
		58B496D619A7186A0082AE30 /* Reachability.h */ = {isa = PBXFileReference; fileEncoding = 4; lastKnownFileType = sourcecode.c.h; path = Reachability.h; sourceTree = "<group>"; };
		58B496D719A7186A0082AE30 /* Reachability.m */ = {isa = PBXFileReference; fileEncoding = 4; lastKnownFileType = sourcecode.c.objc; path = Reachability.m; sourceTree = "<group>"; };
		58B496EC19A7190B0082AE30 /* CFNetwork.framework */ = {isa = PBXFileReference; lastKnownFileType = wrapper.framework; name = CFNetwork.framework; path = System/Library/Frameworks/CFNetwork.framework; sourceTree = SDKROOT; };
		58B496EE19A719230082AE30 /* SystemConfiguration.framework */ = {isa = PBXFileReference; lastKnownFileType = wrapper.framework; name = SystemConfiguration.framework; path = System/Library/Frameworks/SystemConfiguration.framework; sourceTree = SDKROOT; };
		58B496F019A719350082AE30 /* Security.framework */ = {isa = PBXFileReference; lastKnownFileType = wrapper.framework; name = Security.framework; path = System/Library/Frameworks/Security.framework; sourceTree = SDKROOT; };
		58B496F219A71AFB0082AE30 /* imNWHttpConnect.h */ = {isa = PBXFileReference; fileEncoding = 4; lastKnownFileType = sourcecode.c.h; path = imNWHttpConnect.h; sourceTree = "<group>"; };
		58B496F319A71AFB0082AE30 /* imNWHttpConnect.m */ = {isa = PBXFileReference; fileEncoding = 4; lastKnownFileType = sourcecode.c.objc; path = imNWHttpConnect.m; sourceTree = "<group>"; };
		58BACEFD19B4410C00A72391 /* crypt.c */ = {isa = PBXFileReference; fileEncoding = 4; lastKnownFileType = sourcecode.c.c; path = crypt.c; sourceTree = "<group>"; };
		58BACEFE19B4410C00A72391 /* crypt.h */ = {isa = PBXFileReference; fileEncoding = 4; lastKnownFileType = sourcecode.c.h; path = crypt.h; sourceTree = "<group>"; };
		58BACF0119B57E6C00A72391 /* ProfileViewController.h */ = {isa = PBXFileReference; fileEncoding = 4; lastKnownFileType = sourcecode.c.h; path = ProfileViewController.h; sourceTree = "<group>"; };
		58BACF0219B57E6C00A72391 /* ProfileViewController.m */ = {isa = PBXFileReference; fileEncoding = 4; lastKnownFileType = sourcecode.c.objc; path = ProfileViewController.m; sourceTree = "<group>"; };
		58BACF0A19B5C12800A72391 /* MobileCoreServices.framework */ = {isa = PBXFileReference; lastKnownFileType = wrapper.framework; name = MobileCoreServices.framework; path = System/Library/Frameworks/MobileCoreServices.framework; sourceTree = SDKROOT; };
		58BACF0D19B5DAB900A72391 /* imPhotoPicker.h */ = {isa = PBXFileReference; fileEncoding = 4; lastKnownFileType = sourcecode.c.h; path = imPhotoPicker.h; sourceTree = "<group>"; };
		58BACF0E19B5DAB900A72391 /* imPhotoPicker.m */ = {isa = PBXFileReference; fileEncoding = 4; lastKnownFileType = sourcecode.c.objc; path = imPhotoPicker.m; sourceTree = "<group>"; };
		58BACF1119B5E89D00A72391 /* VPImageCropperViewController.h */ = {isa = PBXFileReference; fileEncoding = 4; lastKnownFileType = sourcecode.c.h; path = VPImageCropperViewController.h; sourceTree = "<group>"; };
		58BACF1219B5E89D00A72391 /* VPImageCropperViewController.m */ = {isa = PBXFileReference; fileEncoding = 4; lastKnownFileType = sourcecode.c.objc; path = VPImageCropperViewController.m; sourceTree = "<group>"; };
		58D95F4619A5BDF4007139AB /* GCDAsyncSocket.h */ = {isa = PBXFileReference; fileEncoding = 4; lastKnownFileType = sourcecode.c.h; path = GCDAsyncSocket.h; sourceTree = "<group>"; };
		58D95F4719A5BDF4007139AB /* GCDAsyncSocket.m */ = {isa = PBXFileReference; fileEncoding = 4; lastKnownFileType = sourcecode.c.objc; path = GCDAsyncSocket.m; sourceTree = "<group>"; };
		58D95F4A19A5E2E7007139AB /* imNWMessage.h */ = {isa = PBXFileReference; fileEncoding = 4; lastKnownFileType = sourcecode.c.h; path = imNWMessage.h; sourceTree = "<group>"; };
		58D95F4B19A5E2E7007139AB /* imNWMessage.m */ = {isa = PBXFileReference; fileEncoding = 4; lastKnownFileType = sourcecode.c.objc; path = imNWMessage.m; sourceTree = "<group>"; };
		58D95F4F19A5ECA4007139AB /* UserMessageProxy.h */ = {isa = PBXFileReference; fileEncoding = 4; lastKnownFileType = sourcecode.c.h; path = UserMessageProxy.h; sourceTree = "<group>"; };
		58D95F5019A5ECA4007139AB /* UserMessageProxy.m */ = {isa = PBXFileReference; fileEncoding = 4; lastKnownFileType = sourcecode.c.objc; path = UserMessageProxy.m; sourceTree = "<group>"; };
		58F2AA3219A2F85400DC2FFB /* imUtil.h */ = {isa = PBXFileReference; fileEncoding = 4; lastKnownFileType = sourcecode.c.h; path = imUtil.h; sourceTree = "<group>"; };
		58F2AA3319A2F85400DC2FFB /* imUtil.m */ = {isa = PBXFileReference; fileEncoding = 4; lastKnownFileType = sourcecode.c.objc; path = imUtil.m; sourceTree = "<group>"; };
		58F2AA3719A487E300DC2FFB /* AsyncSocket.h */ = {isa = PBXFileReference; fileEncoding = 4; lastKnownFileType = sourcecode.c.h; path = AsyncSocket.h; sourceTree = "<group>"; };
		58F2AA3819A487E300DC2FFB /* AsyncSocket.m */ = {isa = PBXFileReference; fileEncoding = 4; lastKnownFileType = sourcecode.c.objc; path = AsyncSocket.m; sourceTree = "<group>"; };
		58F2AA3C19A48D2300DC2FFB /* imNWManager.h */ = {isa = PBXFileReference; fileEncoding = 4; lastKnownFileType = sourcecode.c.h; path = imNWManager.h; sourceTree = "<group>"; };
		58F2AA3D19A48D2300DC2FFB /* imNWManager.m */ = {isa = PBXFileReference; fileEncoding = 4; lastKnownFileType = sourcecode.c.objc; path = imNWManager.m; sourceTree = "<group>"; };
		58F2AA4019A497BA00DC2FFB /* imNWSocketConnect.h */ = {isa = PBXFileReference; fileEncoding = 4; lastKnownFileType = sourcecode.c.h; path = imNWSocketConnect.h; sourceTree = "<group>"; };
		58F2AA4119A497BA00DC2FFB /* imNWSocketConnect.m */ = {isa = PBXFileReference; fileEncoding = 4; lastKnownFileType = sourcecode.c.objc; path = imNWSocketConnect.m; sourceTree = "<group>"; };
/* End PBXFileReference section */

/* Begin PBXFrameworksBuildPhase section */
		585971CB1999F0C700258CB1 /* Frameworks */ = {
			isa = PBXFrameworksBuildPhase;
			buildActionMask = 2147483647;
			files = (
				58BACF0B19B5C12800A72391 /* MobileCoreServices.framework in Frameworks */,
				110FCCA119ADF83C0087CBCB /* libsqlite3.dylib in Frameworks */,
				58B496F119A719350082AE30 /* Security.framework in Frameworks */,
				58B496EF19A719230082AE30 /* SystemConfiguration.framework in Frameworks */,
				58B496ED19A7190B0082AE30 /* CFNetwork.framework in Frameworks */,
				585971D41999F0C700258CB1 /* CoreGraphics.framework in Frameworks */,
				585971D61999F0C700258CB1 /* UIKit.framework in Frameworks */,
				585971D21999F0C700258CB1 /* Foundation.framework in Frameworks */,
			);
			runOnlyForDeploymentPostprocessing = 0;
		};
		585971EC1999F0C700258CB1 /* Frameworks */ = {
			isa = PBXFrameworksBuildPhase;
			buildActionMask = 2147483647;
			files = (
				585971F11999F0C700258CB1 /* XCTest.framework in Frameworks */,
				585971F31999F0C700258CB1 /* UIKit.framework in Frameworks */,
				585971F21999F0C700258CB1 /* Foundation.framework in Frameworks */,
			);
			runOnlyForDeploymentPostprocessing = 0;
		};
/* End PBXFrameworksBuildPhase section */

/* Begin PBXGroup section */
		116B6E7319AEF83500DB1B5E /* Persistence */ = {
			isa = PBXGroup;
			children = (
				116B6E7419AEF83500DB1B5E /* Database */,
				116B6E7919AEF83500DB1B5E /* imRms.h */,
				116B6E7A19AEF83500DB1B5E /* imRms.m */,
				116B6E8419B0122100DB1B5E /* PersistenceTempCode.h */,
				116B6E8519B0122100DB1B5E /* PersistenceTempCode.m */,
			);
			path = Persistence;
			sourceTree = "<group>";
		};
		116B6E7419AEF83500DB1B5E /* Database */ = {
			isa = PBXGroup;
			children = (
				116B6E8D19B058A400DB1B5E /* SQLight */,
				116B6E7519AEF83500DB1B5E /* GroupMessage.h */,
				116B6E7619AEF83500DB1B5E /* GroupMessage.m */,
				116B6E7E19AF0F8C00DB1B5E /* DatabaseConfig.h */,
				116B6E7F19AF0F8C00DB1B5E /* DatabaseConfig.m */,
				116B6E8119AF1C7900DB1B5E /* BaseDAO.h */,
				116B6E8219AF1C7900DB1B5E /* BaseDAO.m */,
				116B6E8719B0534000DB1B5E /* Group.h */,
				116B6E8819B0534000DB1B5E /* Group.m */,
				116B6E8A19B0538300DB1B5E /* GroupDAO.h */,
				116B6E8B19B0538300DB1B5E /* GroupDAO.m */,
			);
			path = Database;
			sourceTree = "<group>";
		};
		116B6E8D19B058A400DB1B5E /* SQLight */ = {
			isa = PBXGroup;
			children = (
				116B6E8E19B058A400DB1B5E /* SqlightAdapter.h */,
				116B6E8F19B058A400DB1B5E /* SqlightAdapter.m */,
				116B6E9019B058A400DB1B5E /* SqlightDriver.h */,
				116B6E9119B058A400DB1B5E /* SqlightDriver.m */,
				116B6E9219B058A400DB1B5E /* SqlightResult.h */,
				116B6E9319B058A400DB1B5E /* SqlightResult.m */,
				116B6E9419B058A400DB1B5E /* Sqlite.h */,
			);
			path = SQLight;
			sourceTree = "<group>";
		};
		585971C51999F0C700258CB1 = {
			isa = PBXGroup;
			children = (
				585971D71999F0C700258CB1 /* IMiPhone */,
				585971F61999F0C700258CB1 /* IMiPhoneTests */,
				585971D01999F0C700258CB1 /* Frameworks */,
				585971CF1999F0C700258CB1 /* Products */,
			);
			sourceTree = "<group>";
		};
		585971CF1999F0C700258CB1 /* Products */ = {
			isa = PBXGroup;
			children = (
				585971CE1999F0C700258CB1 /* IMiPhone.app */,
				585971EF1999F0C700258CB1 /* IMiPhoneTests.xctest */,
			);
			name = Products;
			sourceTree = "<group>";
		};
		585971D01999F0C700258CB1 /* Frameworks */ = {
			isa = PBXGroup;
			children = (
				58BACF0A19B5C12800A72391 /* MobileCoreServices.framework */,
				110FCCA019ADF83A0087CBCB /* libsqlite3.dylib */,
				58B496F019A719350082AE30 /* Security.framework */,
				58B496EE19A719230082AE30 /* SystemConfiguration.framework */,
				58B496EC19A7190B0082AE30 /* CFNetwork.framework */,
				585971D11999F0C700258CB1 /* Foundation.framework */,
				585971D31999F0C700258CB1 /* CoreGraphics.framework */,
				585971D51999F0C700258CB1 /* UIKit.framework */,
				585971F01999F0C700258CB1 /* XCTest.framework */,
			);
			name = Frameworks;
			sourceTree = "<group>";
		};
		585971D71999F0C700258CB1 /* IMiPhone */ = {
			isa = PBXGroup;
			children = (
				116B6E7319AEF83500DB1B5E /* Persistence */,
				585971E31999F0C700258CB1 /* Main.storyboard */,
				5859721619A1DEE500258CB1 /* LoginViewController.h */,
				5859721719A1DEE500258CB1 /* LoginViewController.m */,
				585971E01999F0C700258CB1 /* imAppDelegate.h */,
				585971E11999F0C700258CB1 /* imAppDelegate.m */,
				58BACF0119B57E6C00A72391 /* ProfileViewController.h */,
				58BACF0219B57E6C00A72391 /* ProfileViewController.m */,
				585971E61999F0C700258CB1 /* imViewController.h */,
				585971E71999F0C700258CB1 /* imViewController.m */,
				5859721319A1DE1000258CB1 /* RegisterViewController.h */,
				5859721419A1DE1000258CB1 /* RegisterViewController.m */,
				58A5B4F619ADC05F0007C2F3 /* MainTabBarController.h */,
				58A5B4F719ADC05F0007C2F3 /* MainTabBarController.m */,
				58A5B4FA19ADC3CA0007C2F3 /* ChatTableViewController.h */,
				58A5B4FB19ADC3CA0007C2F3 /* ChatTableViewController.m */,
				58AF046C19AF00C60077DCBC /* Friend */,
				58AF049419B053930077DCBC /* DataProxy */,
				58D95F4E19A5EB7F007139AB /* MessageProxy */,
				58F2AA3619A4876900DC2FFB /* Network */,
				58F2AA3519A2FBC300DC2FFB /* Util */,
				585971E91999F0C700258CB1 /* Images.xcassets */,
				585971D81999F0C700258CB1 /* Supporting Files */,
			);
			path = IMiPhone;
			sourceTree = "<group>";
		};
		585971D81999F0C700258CB1 /* Supporting Files */ = {
			isa = PBXGroup;
			children = (
				5859720819A1CBE500258CB1 /* Image */,
				585971D91999F0C700258CB1 /* IMiPhone-Info.plist */,
				585971DA1999F0C700258CB1 /* InfoPlist.strings */,
				585971DD1999F0C700258CB1 /* main.m */,
				585971DF1999F0C700258CB1 /* IMiPhone-Prefix.pch */,
				58AF048A19AF10560077DCBC /* Localizable.strings */,
			);
			name = "Supporting Files";
			sourceTree = "<group>";
		};
		585971F61999F0C700258CB1 /* IMiPhoneTests */ = {
			isa = PBXGroup;
			children = (
				585971FC1999F0C700258CB1 /* IMiPhoneTests.m */,
				585971F71999F0C700258CB1 /* Supporting Files */,
			);
			path = IMiPhoneTests;
			sourceTree = "<group>";
		};
		585971F71999F0C700258CB1 /* Supporting Files */ = {
			isa = PBXGroup;
			children = (
				11383AE519B5E51200CDCA33 /* IMiPhoneTests-Info.plist */,
				585971F91999F0C700258CB1 /* InfoPlist.strings */,
			);
			name = "Supporting Files";
			sourceTree = "<group>";
		};
		5859720819A1CBE500258CB1 /* Image */ = {
			isa = PBXGroup;
			children = (
				11DF9F8519A2276C00AE5D89 /* splash.jpg */,
			);
			name = Image;
			sourceTree = "<group>";
		};
		58AF046C19AF00C60077DCBC /* Friend */ = {
			isa = PBXGroup;
			children = (
				58A5B50219ADF6770007C2F3 /* FriendViewController.h */,
				58A5B50319ADF6770007C2F3 /* FriendViewController.m */,
				58AF047119AF040C0077DCBC /* FriendBarCell.h */,
				58AF047219AF040C0077DCBC /* FriendBarCell.m */,
				58AF047519AF04570077DCBC /* FriendTitleCell.h */,
				58AF047619AF04570077DCBC /* FriendTitleCell.m */,
				58AF047919AF046E0077DCBC /* FriendGroupCell.h */,
				58AF047A19AF046E0077DCBC /* FriendGroupCell.m */,
			);
			name = Friend;
			sourceTree = "<group>";
		};
		58AF049419B053930077DCBC /* DataProxy */ = {
			isa = PBXGroup;
			children = (
				58AF049619B056050077DCBC /* FriendDataProxy.h */,
				58AF049719B056050077DCBC /* FriendDataProxy.m */,
			);
			name = DataProxy;
			sourceTree = "<group>";
		};
		58B496C019A7186A0082AE30 /* MKNetworkKit */ = {
			isa = PBXGroup;
			children = (
				58B496C119A7186A0082AE30 /* Categories */,
				58B496D019A7186A0082AE30 /* MKNetworkEngine.h */,
				58B496D119A7186A0082AE30 /* MKNetworkEngine.m */,
				58B496D219A7186A0082AE30 /* MKNetworkKit.h */,
				58B496D319A7186A0082AE30 /* MKNetworkOperation.h */,
				58B496D419A7186A0082AE30 /* MKNetworkOperation.m */,
				58B496D519A7186A0082AE30 /* Reachability */,
			);
			path = MKNetworkKit;
			sourceTree = "<group>";
		};
		58B496C119A7186A0082AE30 /* Categories */ = {
			isa = PBXGroup;
			children = (
				58B496C219A7186A0082AE30 /* NSAlert+MKNetworkKitAdditions.h */,
				58B496C319A7186A0082AE30 /* NSAlert+MKNetworkKitAdditions.m */,
				58B496C419A7186A0082AE30 /* NSData+MKBase64.h */,
				58B496C519A7186A0082AE30 /* NSData+MKBase64.m */,
				58B496C619A7186A0082AE30 /* NSDate+RFC1123.h */,
				58B496C719A7186A0082AE30 /* NSDate+RFC1123.m */,
				58B496C819A7186A0082AE30 /* NSDictionary+RequestEncoding.h */,
				58B496C919A7186A0082AE30 /* NSDictionary+RequestEncoding.m */,
				58B496CA19A7186A0082AE30 /* NSString+MKNetworkKitAdditions.h */,
				58B496CB19A7186A0082AE30 /* NSString+MKNetworkKitAdditions.m */,
				58B496CC19A7186A0082AE30 /* UIAlertView+MKNetworkKitAdditions.h */,
				58B496CD19A7186A0082AE30 /* UIAlertView+MKNetworkKitAdditions.m */,
				58B496CE19A7186A0082AE30 /* UIImageView+MKNetworkKitAdditions.h */,
				58B496CF19A7186A0082AE30 /* UIImageView+MKNetworkKitAdditions.m */,
			);
			path = Categories;
			sourceTree = "<group>";
		};
		58B496D519A7186A0082AE30 /* Reachability */ = {
			isa = PBXGroup;
			children = (
				58B496D619A7186A0082AE30 /* Reachability.h */,
				58B496D719A7186A0082AE30 /* Reachability.m */,
			);
			path = Reachability;
			sourceTree = "<group>";
		};
		58D95F4E19A5EB7F007139AB /* MessageProxy */ = {
			isa = PBXGroup;
			children = (
				58D95F4F19A5ECA4007139AB /* UserMessageProxy.h */,
				58D95F5019A5ECA4007139AB /* UserMessageProxy.m */,
				58AF049019AF37C70077DCBC /* FriendMessageProxy.h */,
				58AF049119AF37C70077DCBC /* FriendMessageProxy.m */,
			);
			name = MessageProxy;
			sourceTree = "<group>";
		};
		58F2AA3519A2FBC300DC2FFB /* Util */ = {
			isa = PBXGroup;
			children = (
				58BACF1119B5E89D00A72391 /* VPImageCropperViewController.h */,
				58BACF1219B5E89D00A72391 /* VPImageCropperViewController.m */,
				58BACEFD19B4410C00A72391 /* crypt.c */,
				58BACEFE19B4410C00A72391 /* crypt.h */,
				58F2AA3219A2F85400DC2FFB /* imUtil.h */,
				58F2AA3319A2F85400DC2FFB /* imUtil.m */,
				58BACF0D19B5DAB900A72391 /* imPhotoPicker.h */,
				58BACF0E19B5DAB900A72391 /* imPhotoPicker.m */,
			);
			name = Util;
			sourceTree = "<group>";
		};
		58F2AA3619A4876900DC2FFB /* Network */ = {
			isa = PBXGroup;
			children = (
				58B496C019A7186A0082AE30 /* MKNetworkKit */,
				58D95F4619A5BDF4007139AB /* GCDAsyncSocket.h */,
				58D95F4719A5BDF4007139AB /* GCDAsyncSocket.m */,
				58F2AA3719A487E300DC2FFB /* AsyncSocket.h */,
				58F2AA3819A487E300DC2FFB /* AsyncSocket.m */,
				58F2AA3C19A48D2300DC2FFB /* imNWManager.h */,
				58F2AA3D19A48D2300DC2FFB /* imNWManager.m */,
				58F2AA4019A497BA00DC2FFB /* imNWSocketConnect.h */,
				58F2AA4119A497BA00DC2FFB /* imNWSocketConnect.m */,
				58D95F4A19A5E2E7007139AB /* imNWMessage.h */,
				58D95F4B19A5E2E7007139AB /* imNWMessage.m */,
				58B496F219A71AFB0082AE30 /* imNWHttpConnect.h */,
				58B496F319A71AFB0082AE30 /* imNWHttpConnect.m */,
			);
			name = Network;
			sourceTree = "<group>";
		};
/* End PBXGroup section */

/* Begin PBXNativeTarget section */
		585971CD1999F0C700258CB1 /* IMiPhone */ = {
			isa = PBXNativeTarget;
			buildConfigurationList = 585972001999F0C700258CB1 /* Build configuration list for PBXNativeTarget "IMiPhone" */;
			buildPhases = (
				585971CA1999F0C700258CB1 /* Sources */,
				585971CB1999F0C700258CB1 /* Frameworks */,
				585971CC1999F0C700258CB1 /* Resources */,
			);
			buildRules = (
			);
			dependencies = (
			);
			name = IMiPhone;
			productName = IMiPhone;
			productReference = 585971CE1999F0C700258CB1 /* IMiPhone.app */;
			productType = "com.apple.product-type.application";
		};
		585971EE1999F0C700258CB1 /* IMiPhoneTests */ = {
			isa = PBXNativeTarget;
			buildConfigurationList = 585972031999F0C700258CB1 /* Build configuration list for PBXNativeTarget "IMiPhoneTests" */;
			buildPhases = (
				585971EB1999F0C700258CB1 /* Sources */,
				585971EC1999F0C700258CB1 /* Frameworks */,
				585971ED1999F0C700258CB1 /* Resources */,
			);
			buildRules = (
			);
			dependencies = (
			);
			name = IMiPhoneTests;
			productName = IMiPhoneTests;
			productReference = 585971EF1999F0C700258CB1 /* IMiPhoneTests.xctest */;
			productType = "com.apple.product-type.bundle.unit-test";
		};
/* End PBXNativeTarget section */

/* Begin PBXProject section */
		585971C61999F0C700258CB1 /* Project object */ = {
			isa = PBXProject;
			attributes = {
				CLASSPREFIX = im;
				LastUpgradeCheck = 0510;
				ORGANIZATIONNAME = "尹晓君";
			};
			buildConfigurationList = 585971C91999F0C700258CB1 /* Build configuration list for PBXProject "IMiPhone" */;
			compatibilityVersion = "Xcode 3.2";
			developmentRegion = English;
			hasScannedForEncodings = 0;
			knownRegions = (
				en,
				Base,
				"zh-Hans",
			);
			mainGroup = 585971C51999F0C700258CB1;
			productRefGroup = 585971CF1999F0C700258CB1 /* Products */;
			projectDirPath = "";
			projectRoot = "";
			targets = (
				585971CD1999F0C700258CB1 /* IMiPhone */,
				585971EE1999F0C700258CB1 /* IMiPhoneTests */,
			);
		};
/* End PBXProject section */

/* Begin PBXResourcesBuildPhase section */
		585971CC1999F0C700258CB1 /* Resources */ = {
			isa = PBXResourcesBuildPhase;
			buildActionMask = 2147483647;
			files = (
				11DF9F8319A2276C00AE5D89 /* splash.jpg in Resources */,
				58AF048719AF10560077DCBC /* Localizable.strings in Resources */,
				585971EA1999F0C700258CB1 /* Images.xcassets in Resources */,
				585971DC1999F0C700258CB1 /* InfoPlist.strings in Resources */,
				585971E51999F0C700258CB1 /* Main.storyboard in Resources */,
			);
			runOnlyForDeploymentPostprocessing = 0;
		};
		585971ED1999F0C700258CB1 /* Resources */ = {
			isa = PBXResourcesBuildPhase;
			buildActionMask = 2147483647;
			files = (
			);
			runOnlyForDeploymentPostprocessing = 0;
		};
/* End PBXResourcesBuildPhase section */

/* Begin PBXSourcesBuildPhase section */
		585971CA1999F0C700258CB1 /* Sources */ = {
			isa = PBXSourcesBuildPhase;
			buildActionMask = 2147483647;
			files = (
				58BACF0919B5805800A72391 /* crypt.c in Sources */,
				58BACF0819B5804700A72391 /* FriendMessageProxy.m in Sources */,
				58BACF0719B5803F00A72391 /* FriendDataProxy.m in Sources */,
				58BACF0619B5803900A72391 /* FriendTitleCell.m in Sources */,
				58BACF0519B5803300A72391 /* FriendGroupCell.m in Sources */,
				58BACF0419B5802B00A72391 /* FriendViewController.m in Sources */,
				116B6E8919B0534000DB1B5E /* Group.m in Sources */,
				585971E21999F0C700258CB1 /* imAppDelegate.m in Sources */,
				58F2AA3419A2F85400DC2FFB /* imUtil.m in Sources */,
				58D95F5119A5ECA4007139AB /* UserMessageProxy.m in Sources */,
				116B6E9519B058A400DB1B5E /* SqlightAdapter.m in Sources */,
				58B496E819A7186A0082AE30 /* MKNetworkOperation.m in Sources */,
				58BACF0F19B5DAB900A72391 /* imPhotoPicker.m in Sources */,
				116B6E9619B058A400DB1B5E /* SqlightDriver.m in Sources */,
				58D95F4C19A5E2E7007139AB /* imNWMessage.m in Sources */,
				116B6E9719B058A400DB1B5E /* SqlightResult.m in Sources */,
				116B6E7B19AEF83500DB1B5E /* GroupMessage.m in Sources */,
				116B6E8619B0122100DB1B5E /* PersistenceTempCode.m in Sources */,
				58B496F419A71AFB0082AE30 /* imNWHttpConnect.m in Sources */,
				58B496E419A7186A0082AE30 /* UIImageView+MKNetworkKitAdditions.m in Sources */,
				58B496D819A7186A0082AE30 /* NSAlert+MKNetworkKitAdditions.m in Sources */,
				58B496E219A7186A0082AE30 /* UIAlertView+MKNetworkKitAdditions.m in Sources */,
				116B6E8C19B0538300DB1B5E /* GroupDAO.m in Sources */,
				116B6E7D19AEF83500DB1B5E /* imRms.m in Sources */,
				58B496DA19A7186A0082AE30 /* NSData+MKBase64.m in Sources */,
				585971E81999F0C700258CB1 /* imViewController.m in Sources */,
				585971DE1999F0C700258CB1 /* main.m in Sources */,
				58B496DC19A7186A0082AE30 /* NSDate+RFC1123.m in Sources */,
				58F2AA4219A497BA00DC2FFB /* imNWSocketConnect.m in Sources */,
				58BACF0319B57E6C00A72391 /* ProfileViewController.m in Sources */,
				58A5B4F819ADC05F0007C2F3 /* MainTabBarController.m in Sources */,
				5859721519A1DE1000258CB1 /* RegisterViewController.m in Sources */,
				58A5B4FC19ADC3CA0007C2F3 /* ChatTableViewController.m in Sources */,
				58B496EA19A7186A0082AE30 /* Reachability.m in Sources */,
				58B496E019A7186A0082AE30 /* NSString+MKNetworkKitAdditions.m in Sources */,
				58BACF1319B5E89D00A72391 /* VPImageCropperViewController.m in Sources */,
				58B496DE19A7186A0082AE30 /* NSDictionary+RequestEncoding.m in Sources */,
				116B6E8319AF1C7900DB1B5E /* BaseDAO.m in Sources */,
				58D95F4819A5BDF4007139AB /* GCDAsyncSocket.m in Sources */,
				58B496E619A7186A0082AE30 /* MKNetworkEngine.m in Sources */,
				116B6E8019AF0F8C00DB1B5E /* DatabaseConfig.m in Sources */,
				5859721819A1DEE500258CB1 /* LoginViewController.m in Sources */,
				58F2AA3E19A48D2300DC2FFB /* imNWManager.m in Sources */,
				58F2AA3919A487E300DC2FFB /* AsyncSocket.m in Sources */,
				58AF047319AF040C0077DCBC /* FriendBarCell.m in Sources */,
			);
			runOnlyForDeploymentPostprocessing = 0;
		};
		585971EB1999F0C700258CB1 /* Sources */ = {
			isa = PBXSourcesBuildPhase;
			buildActionMask = 2147483647;
			files = (
				1120945A19B601EF0012D607 /* IMiPhoneTests.m in Sources */,
			);
			runOnlyForDeploymentPostprocessing = 0;
		};
/* End PBXSourcesBuildPhase section */

/* Begin PBXVariantGroup section */
		11383AE519B5E51200CDCA33 /* IMiPhoneTests-Info.plist */ = {
			isa = PBXVariantGroup;
			children = (
				11383AE419B5E51200CDCA33 /* zh-Hans */,
			);
			name = "IMiPhoneTests-Info.plist";
			sourceTree = "<group>";
		};
		11DF9F8519A2276C00AE5D89 /* splash.jpg */ = {
			isa = PBXVariantGroup;
			children = (
				11DF9F8419A2276C00AE5D89 /* zh-Hans */,
			);
			name = splash.jpg;
			sourceTree = "<group>";
		};
		585971DA1999F0C700258CB1 /* InfoPlist.strings */ = {
			isa = PBXVariantGroup;
			children = (
				5859720A19A1CD9100258CB1 /* zh-Hans */,
			);
			name = InfoPlist.strings;
			sourceTree = "<group>";
		};
		585971E31999F0C700258CB1 /* Main.storyboard */ = {
			isa = PBXVariantGroup;
			children = (
				5859721119A1D28100258CB1 /* zh-Hans */,
			);
			name = Main.storyboard;
			sourceTree = "<group>";
		};
		585971F91999F0C700258CB1 /* InfoPlist.strings */ = {
			isa = PBXVariantGroup;
			children = (
				5859720B19A1CD9200258CB1 /* zh-Hans */,
			);
			name = InfoPlist.strings;
			sourceTree = "<group>";
		};
		58AF048A19AF10560077DCBC /* Localizable.strings */ = {
			isa = PBXVariantGroup;
			children = (
				58AF048919AF10560077DCBC /* zh-Hans */,
			);
			name = Localizable.strings;
			sourceTree = "<group>";
		};
/* End PBXVariantGroup section */

/* Begin XCBuildConfiguration section */
		585971FE1999F0C700258CB1 /* Debug */ = {
			isa = XCBuildConfiguration;
			buildSettings = {
				ALWAYS_SEARCH_USER_PATHS = NO;
				CLANG_CXX_LANGUAGE_STANDARD = "gnu++0x";
				CLANG_CXX_LIBRARY = "libc++";
				CLANG_ENABLE_MODULES = YES;
				CLANG_ENABLE_OBJC_ARC = YES;
				CLANG_WARN_BOOL_CONVERSION = YES;
				CLANG_WARN_CONSTANT_CONVERSION = YES;
				CLANG_WARN_DIRECT_OBJC_ISA_USAGE = YES_ERROR;
				CLANG_WARN_EMPTY_BODY = YES;
				CLANG_WARN_ENUM_CONVERSION = YES;
				CLANG_WARN_INT_CONVERSION = YES;
				CLANG_WARN_OBJC_ROOT_CLASS = YES_ERROR;
				CLANG_WARN__DUPLICATE_METHOD_MATCH = YES;
				"CODE_SIGN_IDENTITY[sdk=iphoneos*]" = "iPhone Developer";
				COPY_PHASE_STRIP = NO;
				GCC_C_LANGUAGE_STANDARD = gnu99;
				GCC_DYNAMIC_NO_PIC = NO;
				GCC_OPTIMIZATION_LEVEL = 0;
				GCC_PREPROCESSOR_DEFINITIONS = (
					"DEBUG=1",
					"$(inherited)",
				);
				GCC_SYMBOLS_PRIVATE_EXTERN = NO;
				GCC_WARN_64_TO_32_BIT_CONVERSION = YES;
				GCC_WARN_ABOUT_RETURN_TYPE = YES_ERROR;
				GCC_WARN_UNDECLARED_SELECTOR = YES;
				GCC_WARN_UNINITIALIZED_AUTOS = YES_AGGRESSIVE;
				GCC_WARN_UNUSED_FUNCTION = YES;
				GCC_WARN_UNUSED_VARIABLE = YES;
				IPHONEOS_DEPLOYMENT_TARGET = 7.1;
				ONLY_ACTIVE_ARCH = YES;
				SDKROOT = iphoneos;
			};
			name = Debug;
		};
		585971FF1999F0C700258CB1 /* Release */ = {
			isa = XCBuildConfiguration;
			buildSettings = {
				ALWAYS_SEARCH_USER_PATHS = NO;
				CLANG_CXX_LANGUAGE_STANDARD = "gnu++0x";
				CLANG_CXX_LIBRARY = "libc++";
				CLANG_ENABLE_MODULES = YES;
				CLANG_ENABLE_OBJC_ARC = YES;
				CLANG_WARN_BOOL_CONVERSION = YES;
				CLANG_WARN_CONSTANT_CONVERSION = YES;
				CLANG_WARN_DIRECT_OBJC_ISA_USAGE = YES_ERROR;
				CLANG_WARN_EMPTY_BODY = YES;
				CLANG_WARN_ENUM_CONVERSION = YES;
				CLANG_WARN_INT_CONVERSION = YES;
				CLANG_WARN_OBJC_ROOT_CLASS = YES_ERROR;
				CLANG_WARN__DUPLICATE_METHOD_MATCH = YES;
				"CODE_SIGN_IDENTITY[sdk=iphoneos*]" = "iPhone Developer";
				COPY_PHASE_STRIP = YES;
				ENABLE_NS_ASSERTIONS = NO;
				GCC_C_LANGUAGE_STANDARD = gnu99;
				GCC_WARN_64_TO_32_BIT_CONVERSION = YES;
				GCC_WARN_ABOUT_RETURN_TYPE = YES_ERROR;
				GCC_WARN_UNDECLARED_SELECTOR = YES;
				GCC_WARN_UNINITIALIZED_AUTOS = YES_AGGRESSIVE;
				GCC_WARN_UNUSED_FUNCTION = YES;
				GCC_WARN_UNUSED_VARIABLE = YES;
				IPHONEOS_DEPLOYMENT_TARGET = 7.1;
				SDKROOT = iphoneos;
				VALIDATE_PRODUCT = YES;
			};
			name = Release;
		};
		585972011999F0C700258CB1 /* Debug */ = {
			isa = XCBuildConfiguration;
			buildSettings = {
				ASSETCATALOG_COMPILER_APPICON_NAME = AppIcon;
				ASSETCATALOG_COMPILER_LAUNCHIMAGE_NAME = LaunchImage;
				GCC_PRECOMPILE_PREFIX_HEADER = YES;
				GCC_PREFIX_HEADER = "IMiPhone/IMiPhone-Prefix.pch";
				INFOPLIST_FILE = "IMiPhone/IMiPhone-Info.plist";
				PRODUCT_NAME = "$(TARGET_NAME)";
				WRAPPER_EXTENSION = app;
			};
			name = Debug;
		};
		585972021999F0C700258CB1 /* Release */ = {
			isa = XCBuildConfiguration;
			buildSettings = {
				ASSETCATALOG_COMPILER_APPICON_NAME = AppIcon;
				ASSETCATALOG_COMPILER_LAUNCHIMAGE_NAME = LaunchImage;
				GCC_PRECOMPILE_PREFIX_HEADER = YES;
				GCC_PREFIX_HEADER = "IMiPhone/IMiPhone-Prefix.pch";
				INFOPLIST_FILE = "IMiPhone/IMiPhone-Info.plist";
				PRODUCT_NAME = "$(TARGET_NAME)";
				WRAPPER_EXTENSION = app;
			};
			name = Release;
		};
		585972041999F0C700258CB1 /* Debug */ = {
			isa = XCBuildConfiguration;
			buildSettings = {
				FRAMEWORK_SEARCH_PATHS = (
					"$(SDKROOT)/Developer/Library/Frameworks",
					"$(inherited)",
					"$(DEVELOPER_FRAMEWORKS_DIR)",
				);
				GCC_PRECOMPILE_PREFIX_HEADER = YES;
				GCC_PREFIX_HEADER = "IMiPhone/IMiPhone-Prefix.pch";
				GCC_PREPROCESSOR_DEFINITIONS = (
					"DEBUG=1",
					"$(inherited)",
				);
				INFOPLIST_FILE = "IMiPhoneTests/IMiPhoneTests-Info.plist";
				PRODUCT_NAME = "$(TARGET_NAME)";
				WRAPPER_EXTENSION = xctest;
			};
			name = Debug;
		};
		585972051999F0C700258CB1 /* Release */ = {
			isa = XCBuildConfiguration;
			buildSettings = {
				FRAMEWORK_SEARCH_PATHS = (
					"$(SDKROOT)/Developer/Library/Frameworks",
					"$(inherited)",
					"$(DEVELOPER_FRAMEWORKS_DIR)",
				);
				GCC_PRECOMPILE_PREFIX_HEADER = YES;
				GCC_PREFIX_HEADER = "IMiPhone/IMiPhone-Prefix.pch";
				INFOPLIST_FILE = "IMiPhoneTests/IMiPhoneTests-Info.plist";
				PRODUCT_NAME = "$(TARGET_NAME)";
				WRAPPER_EXTENSION = xctest;
			};
			name = Release;
		};
/* End XCBuildConfiguration section */

/* Begin XCConfigurationList section */
		585971C91999F0C700258CB1 /* Build configuration list for PBXProject "IMiPhone" */ = {
			isa = XCConfigurationList;
			buildConfigurations = (
				585971FE1999F0C700258CB1 /* Debug */,
				585971FF1999F0C700258CB1 /* Release */,
			);
			defaultConfigurationIsVisible = 0;
			defaultConfigurationName = Release;
		};
		585972001999F0C700258CB1 /* Build configuration list for PBXNativeTarget "IMiPhone" */ = {
			isa = XCConfigurationList;
			buildConfigurations = (
				585972011999F0C700258CB1 /* Debug */,
				585972021999F0C700258CB1 /* Release */,
			);
			defaultConfigurationIsVisible = 0;
			defaultConfigurationName = Release;
		};
		585972031999F0C700258CB1 /* Build configuration list for PBXNativeTarget "IMiPhoneTests" */ = {
			isa = XCConfigurationList;
			buildConfigurations = (
				585972041999F0C700258CB1 /* Debug */,
				585972051999F0C700258CB1 /* Release */,
			);
			defaultConfigurationIsVisible = 0;
			defaultConfigurationName = Release;
		};
/* End XCConfigurationList section */
	};
	rootObject = 585971C61999F0C700258CB1 /* Project object */;
}
